git.sr.ht/~rehandaphedar/genanki-go-utils v1.3.0 h1:q7PaVu0kaMSwMex/KjSBAJHurAgNmvFSz4jyOUi2bxE=
git.sr.ht/~rehandaphedar/genanki-go-utils v1.3.0/go.mod h1:9HeXYBZgEMPhfJZ4p1B5co+cQ6plfvt58p9XXx/boSs=
github.com/mattn/go-sqlite3 v1.14.34 h1:3NtcvcUnFBPsuRcno8pUtupspG/GM+9nZ88zgJcp6Zk=
github.com/mattn/go-sqlite3 v1.14.34/go.mod h1:Uh1q+B4BYcTPb+yiD3kU8Ct7aC0hY9fxUwlHK0RXw+Y=
github.com/npcnixel/genanki-go v0.0.0-20260305182613-460b4074eb38 h1:Rtx1wOMaSAzV966Evc6TBzVcEqmf9kxPYwdnuRyXxog=
github.com/npcnixel/genanki-go v0.0.0-20260305182613-460b4074eb38/go.mod h1:W1FEWpdtv1QOKhnSMvYQmyqqmCnlXr6HsAxVW060zvA=
go.yaml.in/yaml/v4 v4.0.0-rc.4 h1:UP4+v6fFrBIb1l934bDl//mmnoIZEDK0idg1+AIvX5U=
go.yaml.in/yaml/v4 v4.0.0-rc.4/go.mod h1:aZqd9kCMsGL7AuUv/m/PvWLdg5sjJsZ4oHDEnfPPfY0=
